// !$*UTF8*$!
{
	archiveVersion = 1;
	classes = {
	};
	objectVersion = 46;
	objects = {

/* Begin PBXBuildFile section */
		43BB93781EFC61E6005A7AE1 /* AppDelegate.swift in Sources */ = {isa = PBXBuildFile; fileRef = 43BB93771EFC61E6005A7AE1 /* AppDelegate.swift */; };
		43BB937A1EFC61E6005A7AE1 /* SignInVC.swift in Sources */ = {isa = PBXBuildFile; fileRef = 43BB93791EFC61E6005A7AE1 /* SignInVC.swift */; };
		43BB937D1EFC61E6005A7AE1 /* Main.storyboard in Resources */ = {isa = PBXBuildFile; fileRef = 43BB937B1EFC61E6005A7AE1 /* Main.storyboard */; };
		43BB937F1EFC61E6005A7AE1 /* Assets.xcassets in Resources */ = {isa = PBXBuildFile; fileRef = 43BB937E1EFC61E6005A7AE1 /* Assets.xcassets */; };
		43BB93821EFC61E6005A7AE1 /* LaunchScreen.storyboard in Resources */ = {isa = PBXBuildFile; fileRef = 43BB93801EFC61E6005A7AE1 /* LaunchScreen.storyboard */; };
		43BB938A1EFC62D3005A7AE1 /* GoogleService-Info.plist in Resources */ = {isa = PBXBuildFile; fileRef = 43BB93891EFC62D3005A7AE1 /* GoogleService-Info.plist */; };
		43BC1FE51EFD0E1C000B333A /* FancyView.swift in Sources */ = {isa = PBXBuildFile; fileRef = 43BC1FE41EFD0E1C000B333A /* FancyView.swift */; };
		43BC1FE81EFD1313000B333A /* Constants.swift in Sources */ = {isa = PBXBuildFile; fileRef = 43BC1FE71EFD1313000B333A /* Constants.swift */; };
		43BC1FEA1EFD15D7000B333A /* RoundBtn.swift in Sources */ = {isa = PBXBuildFile; fileRef = 43BC1FE91EFD15D7000B333A /* RoundBtn.swift */; };
		43BC1FEC1EFD177B000B333A /* FancyField.swift in Sources */ = {isa = PBXBuildFile; fileRef = 43BC1FEB1EFD177B000B333A /* FancyField.swift */; };
		43BC1FEE1EFD18AD000B333A /* FancyBtn.swift in Sources */ = {isa = PBXBuildFile; fileRef = 43BC1FED1EFD18AD000B333A /* FancyBtn.swift */; };
		B77F4312DEFA751F9C6F9C5C /* Pods_Werewolf_Social.framework in Frameworks */ = {isa = PBXBuildFile; fileRef = 41897E80F011BE6E3E8A33BE /* Pods_Werewolf_Social.framework */; };
/* End PBXBuildFile section */

/* Begin PBXFileReference section */
		41897E80F011BE6E3E8A33BE /* Pods_Werewolf_Social.framework */ = {isa = PBXFileReference; explicitFileType = wrapper.framework; includeInIndex = 0; path = Pods_Werewolf_Social.framework; sourceTree = BUILT_PRODUCTS_DIR; };
		43BB93741EFC61E6005A7AE1 /* Werewolf Social.app */ = {isa = PBXFileReference; explicitFileType = wrapper.application; includeInIndex = 0; path = "Werewolf Social.app"; sourceTree = BUILT_PRODUCTS_DIR; };
		43BB93771EFC61E6005A7AE1 /* AppDelegate.swift */ = {isa = PBXFileReference; lastKnownFileType = sourcecode.swift; path = AppDelegate.swift; sourceTree = "<group>"; };
		43BB93791EFC61E6005A7AE1 /* SignInVC.swift */ = {isa = PBXFileReference; lastKnownFileType = sourcecode.swift; path = SignInVC.swift; sourceTree = "<group>"; };
		43BB937C1EFC61E6005A7AE1 /* Base */ = {isa = PBXFileReference; lastKnownFileType = file.storyboard; name = Base; path = Base.lproj/Main.storyboard; sourceTree = "<group>"; };
		43BB937E1EFC61E6005A7AE1 /* Assets.xcassets */ = {isa = PBXFileReference; lastKnownFileType = folder.assetcatalog; path = Assets.xcassets; sourceTree = "<group>"; };
		43BB93811EFC61E6005A7AE1 /* Base */ = {isa = PBXFileReference; lastKnownFileType = file.storyboard; name = Base; path = Base.lproj/LaunchScreen.storyboard; sourceTree = "<group>"; };
		43BB93831EFC61E6005A7AE1 /* Info.plist */ = {isa = PBXFileReference; lastKnownFileType = text.plist.xml; path = Info.plist; sourceTree = "<group>"; };
		43BB93891EFC62D3005A7AE1 /* GoogleService-Info.plist */ = {isa = PBXFileReference; fileEncoding = 4; lastKnownFileType = text.plist.xml; path = "GoogleService-Info.plist"; sourceTree = "<group>"; };
		43BC1FE41EFD0E1C000B333A /* FancyView.swift */ = {isa = PBXFileReference; fileEncoding = 4; lastKnownFileType = sourcecode.swift; path = FancyView.swift; sourceTree = "<group>"; };
		43BC1FE71EFD1313000B333A /* Constants.swift */ = {isa = PBXFileReference; fileEncoding = 4; lastKnownFileType = sourcecode.swift; path = Constants.swift; sourceTree = "<group>"; };
		43BC1FE91EFD15D7000B333A /* RoundBtn.swift */ = {isa = PBXFileReference; fileEncoding = 4; lastKnownFileType = sourcecode.swift; path = RoundBtn.swift; sourceTree = "<group>"; };
		43BC1FEB1EFD177B000B333A /* FancyField.swift */ = {isa = PBXFileReference; fileEncoding = 4; lastKnownFileType = sourcecode.swift; path = FancyField.swift; sourceTree = "<group>"; };
		43BC1FED1EFD18AD000B333A /* FancyBtn.swift */ = {isa = PBXFileReference; fileEncoding = 4; lastKnownFileType = sourcecode.swift; path = FancyBtn.swift; sourceTree = "<group>"; };
		49A41DE6F1E1CDF06A33F1D7 /* Pods-Werewolf Social.debug.xcconfig */ = {isa = PBXFileReference; includeInIndex = 1; lastKnownFileType = text.xcconfig; name = "Pods-Werewolf Social.debug.xcconfig"; path = "Pods/Target Support Files/Pods-Werewolf Social/Pods-Werewolf Social.debug.xcconfig"; sourceTree = "<group>"; };
		A4F45991F34FC1F62DB5879F /* Pods-Werewolf Social.release.xcconfig */ = {isa = PBXFileReference; includeInIndex = 1; lastKnownFileType = text.xcconfig; name = "Pods-Werewolf Social.release.xcconfig"; path = "Pods/Target Support Files/Pods-Werewolf Social/Pods-Werewolf Social.release.xcconfig"; sourceTree = "<group>"; };
/* End PBXFileReference section */

/* Begin PBXFrameworksBuildPhase section */
		43BB93711EFC61E6005A7AE1 /* Frameworks */ = {
			isa = PBXFrameworksBuildPhase;
			buildActionMask = 2147483647;
			files = (
				B77F4312DEFA751F9C6F9C5C /* Pods_Werewolf_Social.framework in Frameworks */,
			);
			runOnlyForDeploymentPostprocessing = 0;
		};
/* End PBXFrameworksBuildPhase section */

/* Begin PBXGroup section */
		43BB936B1EFC61E6005A7AE1 = {
			isa = PBXGroup;
			children = (
				43BB93761EFC61E6005A7AE1 /* Werewolf Social */,
				43BB93751EFC61E6005A7AE1 /* Products */,
				F851C26BC65C0086948C5E19 /* Pods */,
				5F12D0F7BCEF4A852C2B30C5 /* Frameworks */,
			);
			sourceTree = "<group>";
		};
		43BB93751EFC61E6005A7AE1 /* Products */ = {
			isa = PBXGroup;
			children = (
				43BB93741EFC61E6005A7AE1 /* Werewolf Social.app */,
			);
			name = Products;
			sourceTree = "<group>";
		};
		43BB93761EFC61E6005A7AE1 /* Werewolf Social */ = {
			isa = PBXGroup;
			children = (
				43BC1FE61EFD12EE000B333A /* Util */,
				43BC1FE11EFC6AEF000B333A /* Model */,
				43BC1FE31EFC6B11000B333A /* Controller */,
				43BC1FE21EFC6B0A000B333A /* View */,
				43BB93771EFC61E6005A7AE1 /* AppDelegate.swift */,
				43BB937B1EFC61E6005A7AE1 /* Main.storyboard */,
				43BB937E1EFC61E6005A7AE1 /* Assets.xcassets */,
				43BB93801EFC61E6005A7AE1 /* LaunchScreen.storyboard */,
				43BB93831EFC61E6005A7AE1 /* Info.plist */,
				43BB93891EFC62D3005A7AE1 /* GoogleService-Info.plist */,
			);
			path = "Werewolf Social";
			sourceTree = "<group>";
		};
		43BC1FE11EFC6AEF000B333A /* Model */ = {
			isa = PBXGroup;
			children = (
			);
			name = Model;
			sourceTree = "<group>";
		};
		43BC1FE21EFC6B0A000B333A /* View */ = {
			isa = PBXGroup;
			children = (
				43BC1FE41EFD0E1C000B333A /* FancyView.swift */,
				43BC1FE91EFD15D7000B333A /* RoundBtn.swift */,
				43BC1FEB1EFD177B000B333A /* FancyField.swift */,
				43BC1FED1EFD18AD000B333A /* FancyBtn.swift */,
			);
			name = View;
			sourceTree = "<group>";
		};
		43BC1FE31EFC6B11000B333A /* Controller */ = {
			isa = PBXGroup;
			children = (
				43BB93791EFC61E6005A7AE1 /* SignInVC.swift */,
			);
			name = Controller;
			sourceTree = "<group>";
		};
		43BC1FE61EFD12EE000B333A /* Util */ = {
			isa = PBXGroup;
			children = (
				43BC1FE71EFD1313000B333A /* Constants.swift */,
			);
			name = Util;
			sourceTree = "<group>";
		};
		5F12D0F7BCEF4A852C2B30C5 /* Frameworks */ = {
			isa = PBXGroup;
			children = (
				41897E80F011BE6E3E8A33BE /* Pods_Werewolf_Social.framework */,
			);
			name = Frameworks;
			sourceTree = "<group>";
		};
		F851C26BC65C0086948C5E19 /* Pods */ = {
			isa = PBXGroup;
			children = (
				49A41DE6F1E1CDF06A33F1D7 /* Pods-Werewolf Social.debug.xcconfig */,
				A4F45991F34FC1F62DB5879F /* Pods-Werewolf Social.release.xcconfig */,
			);
			name = Pods;
			sourceTree = "<group>";
		};
/* End PBXGroup section */

/* Begin PBXNativeTarget section */
		43BB93731EFC61E6005A7AE1 /* Werewolf Social */ = {
			isa = PBXNativeTarget;
			buildConfigurationList = 43BB93861EFC61E6005A7AE1 /* Build configuration list for PBXNativeTarget "Werewolf Social" */;
			buildPhases = (
				F3A099C60160048BADD7013B /* [CP] Check Pods Manifest.lock */,
				43BB93701EFC61E6005A7AE1 /* Sources */,
				43BB93711EFC61E6005A7AE1 /* Frameworks */,
				43BB93721EFC61E6005A7AE1 /* Resources */,
				C078AB1B95B28D91C8522160 /* [CP] Embed Pods Frameworks */,
				8D26E9DD6EACDEE18794E738 /* [CP] Copy Pods Resources */,
			);
			buildRules = (
			);
			dependencies = (
			);
			name = "Werewolf Social";
			productName = "Werewolf Social";
			productReference = 43BB93741EFC61E6005A7AE1 /* Werewolf Social.app */;
			productType = "com.apple.product-type.application";
		};
/* End PBXNativeTarget section */

/* Begin PBXProject section */
		43BB936C1EFC61E6005A7AE1 /* Project object */ = {
			isa = PBXProject;
			attributes = {
				LastSwiftUpdateCheck = 0830;
				LastUpgradeCheck = 0830;
				ORGANIZATIONNAME = Chengcheng;
				TargetAttributes = {
					43BB93731EFC61E6005A7AE1 = {
						CreatedOnToolsVersion = 8.3.3;
						ProvisioningStyle = Automatic;
					};
				};
			};
			buildConfigurationList = 43BB936F1EFC61E6005A7AE1 /* Build configuration list for PBXProject "Werewolf Social" */;
			compatibilityVersion = "Xcode 3.2";
			developmentRegion = English;
			hasScannedForEncodings = 0;
			knownRegions = (
				en,
				Base,
			);
			mainGroup = 43BB936B1EFC61E6005A7AE1;
			productRefGroup = 43BB93751EFC61E6005A7AE1 /* Products */;
			projectDirPath = "";
			projectRoot = "";
			targets = (
				43BB93731EFC61E6005A7AE1 /* Werewolf Social */,
			);
		};
/* End PBXProject section */

/* Begin PBXResourcesBuildPhase section */
		43BB93721EFC61E6005A7AE1 /* Resources */ = {
			isa = PBXResourcesBuildPhase;
			buildActionMask = 2147483647;
			files = (
				43BB93821EFC61E6005A7AE1 /* LaunchScreen.storyboard in Resources */,
				43BB938A1EFC62D3005A7AE1 /* GoogleService-Info.plist in Resources */,
				43BB937F1EFC61E6005A7AE1 /* Assets.xcassets in Resources */,
				43BB937D1EFC61E6005A7AE1 /* Main.storyboard in Resources */,
			);
			runOnlyForDeploymentPostprocessing = 0;
		};
/* End PBXResourcesBuildPhase section */

/* Begin PBXShellScriptBuildPhase section */
		8D26E9DD6EACDEE18794E738 /* [CP] Copy Pods Resources */ = {
			isa = PBXShellScriptBuildPhase;
			buildActionMask = 2147483647;
			files = (
			);
			inputPaths = (
			);
			name = "[CP] Copy Pods Resources";
			outputPaths = (
			);
			runOnlyForDeploymentPostprocessing = 0;
			shellPath = /bin/sh;
			shellScript = "\"${SRCROOT}/Pods/Target Support Files/Pods-Werewolf Social/Pods-Werewolf Social-resources.sh\"\n";
			showEnvVarsInLog = 0;
		};
		C078AB1B95B28D91C8522160 /* [CP] Embed Pods Frameworks */ = {
			isa = PBXShellScriptBuildPhase;
			buildActionMask = 2147483647;
			files = (
			);
			inputPaths = (
			);
			name = "[CP] Embed Pods Frameworks";
			outputPaths = (
			);
			runOnlyForDeploymentPostprocessing = 0;
			shellPath = /bin/sh;
			shellScript = "\"${SRCROOT}/Pods/Target Support Files/Pods-Werewolf Social/Pods-Werewolf Social-frameworks.sh\"\n";
			showEnvVarsInLog = 0;
		};
		F3A099C60160048BADD7013B /* [CP] Check Pods Manifest.lock */ = {
			isa = PBXShellScriptBuildPhase;
			buildActionMask = 2147483647;
			files = (
			);
			inputPaths = (
			);
			name = "[CP] Check Pods Manifest.lock";
			outputPaths = (
			);
			runOnlyForDeploymentPostprocessing = 0;
			shellPath = /bin/sh;
			shellScript = "diff \"${PODS_PODFILE_DIR_PATH}/Podfile.lock\" \"${PODS_ROOT}/Manifest.lock\" > /dev/null\nif [ $? != 0 ] ; then\n    # print error to STDERR\n    echo \"error: The sandbox is not in sync with the Podfile.lock. Run 'pod install' or update your CocoaPods installation.\" >&2\n    exit 1\nfi\n";
			showEnvVarsInLog = 0;
		};
/* End PBXShellScriptBuildPhase section */

/* Begin PBXSourcesBuildPhase section */
		43BB93701EFC61E6005A7AE1 /* Sources */ = {
			isa = PBXSourcesBuildPhase;
			buildActionMask = 2147483647;
			files = (
				43BC1FEC1EFD177B000B333A /* FancyField.swift in Sources */,
				43BB937A1EFC61E6005A7AE1 /* SignInVC.swift in Sources */,
				43BC1FEA1EFD15D7000B333A /* RoundBtn.swift in Sources */,
				43BB93781EFC61E6005A7AE1 /* AppDelegate.swift in Sources */,
				43BC1FE51EFD0E1C000B333A /* FancyView.swift in Sources */,
				43BC1FE81EFD1313000B333A /* Constants.swift in Sources */,
				43BC1FEE1EFD18AD000B333A /* FancyBtn.swift in Sources */,
			);
			runOnlyForDeploymentPostprocessing = 0;
		};
/* End PBXSourcesBuildPhase section */

/* Begin PBXVariantGroup section */
		43BB937B1EFC61E6005A7AE1 /* Main.storyboard */ = {
			isa = PBXVariantGroup;
			children = (
				43BB937C1EFC61E6005A7AE1 /* Base */,
			);
			name = Main.storyboard;
			sourceTree = "<group>";
		};
		43BB93801EFC61E6005A7AE1 /* LaunchScreen.storyboard */ = {
			isa = PBXVariantGroup;
			children = (
				43BB93811EFC61E6005A7AE1 /* Base */,
			);
			name = LaunchScreen.storyboard;
			sourceTree = "<group>";
		};
/* End PBXVariantGroup section */

/* Begin XCBuildConfiguration section */
		43BB93841EFC61E6005A7AE1 /* Debug */ = {
			isa = XCBuildConfiguration;
			buildSettings = {
				ALWAYS_SEARCH_USER_PATHS = NO;
				CLANG_ANALYZER_NONNULL = YES;
				CLANG_ANALYZER_NUMBER_OBJECT_CONVERSION = YES_AGGRESSIVE;
				CLANG_CXX_LANGUAGE_STANDARD = "gnu++0x";
				CLANG_CXX_LIBRARY = "libc++";
				CLANG_ENABLE_MODULES = YES;
				CLANG_ENABLE_OBJC_ARC = YES;
				CLANG_WARN_BOOL_CONVERSION = YES;
				CLANG_WARN_CONSTANT_CONVERSION = YES;
				CLANG_WARN_DIRECT_OBJC_ISA_USAGE = YES_ERROR;
				CLANG_WARN_DOCUMENTATION_COMMENTS = YES;
				CLANG_WARN_EMPTY_BODY = YES;
				CLANG_WARN_ENUM_CONVERSION = YES;
				CLANG_WARN_INFINITE_RECURSION = YES;
				CLANG_WARN_INT_CONVERSION = YES;
				CLANG_WARN_OBJC_ROOT_CLASS = YES_ERROR;
				CLANG_WARN_SUSPICIOUS_MOVE = YES;
				CLANG_WARN_UNREACHABLE_CODE = YES;
				CLANG_WARN__DUPLICATE_METHOD_MATCH = YES;
				"CODE_SIGN_IDENTITY[sdk=iphoneos*]" = "iPhone Developer";
				COPY_PHASE_STRIP = NO;
				DEBUG_INFORMATION_FORMAT = dwarf;
				ENABLE_STRICT_OBJC_MSGSEND = YES;
				ENABLE_TESTABILITY = YES;
				GCC_C_LANGUAGE_STANDARD = gnu99;
				GCC_DYNAMIC_NO_PIC = NO;
				GCC_NO_COMMON_BLOCKS = YES;
				GCC_OPTIMIZATION_LEVEL = 0;
				GCC_PREPROCESSOR_DEFINITIONS = (
					"DEBUG=1",
					"$(inherited)",
				);
				GCC_WARN_64_TO_32_BIT_CONVERSION = YES;
				GCC_WARN_ABOUT_RETURN_TYPE = YES_ERROR;
				GCC_WARN_UNDECLARED_SELECTOR = YES;
				GCC_WARN_UNINITIALIZED_AUTOS = YES_AGGRESSIVE;
				GCC_WARN_UNUSED_FUNCTION = YES;
				GCC_WARN_UNUSED_VARIABLE = YES;
				IPHONEOS_DEPLOYMENT_TARGET = 10.3;
				MTL_ENABLE_DEBUG_INFO = YES;
				ONLY_ACTIVE_ARCH = YES;
				SDKROOT = iphoneos;
				SWIFT_ACTIVE_COMPILATION_CONDITIONS = DEBUG;
				SWIFT_OPTIMIZATION_LEVEL = "-Onone";
			};
			name = Debug;
		};
		43BB93851EFC61E6005A7AE1 /* Release */ = {
			isa = XCBuildConfiguration;
			buildSettings = {
				ALWAYS_SEARCH_USER_PATHS = NO;
				CLANG_ANALYZER_NONNULL = YES;
				CLANG_ANALYZER_NUMBER_OBJECT_CONVERSION = YES_AGGRESSIVE;
				CLANG_CXX_LANGUAGE_STANDARD = "gnu++0x";
				CLANG_CXX_LIBRARY = "libc++";
				CLANG_ENABLE_MODULES = YES;
				CLANG_ENABLE_OBJC_ARC = YES;
				CLANG_WARN_BOOL_CONVERSION = YES;
				CLANG_WARN_CONSTANT_CONVERSION = YES;
				CLANG_WARN_DIRECT_OBJC_ISA_USAGE = YES_ERROR;
				CLANG_WARN_DOCUMENTATION_COMMENTS = YES;
				CLANG_WARN_EMPTY_BODY = YES;
				CLANG_WARN_ENUM_CONVERSION = YES;
				CLANG_WARN_INFINITE_RECURSION = YES;
				CLANG_WARN_INT_CONVERSION = YES;
				CLANG_WARN_OBJC_ROOT_CLASS = YES_ERROR;
				CLANG_WARN_SUSPICIOUS_MOVE = YES;
				CLANG_WARN_UNREACHABLE_CODE = YES;
				CLANG_WARN__DUPLICATE_METHOD_MATCH = YES;
				"CODE_SIGN_IDENTITY[sdk=iphoneos*]" = "iPhone Developer";
				COPY_PHASE_STRIP = NO;
				DEBUG_INFORMATION_FORMAT = "dwarf-with-dsym";
				ENABLE_NS_ASSERTIONS = NO;
				ENABLE_STRICT_OBJC_MSGSEND = YES;
				GCC_C_LANGUAGE_STANDARD = gnu99;
				GCC_NO_COMMON_BLOCKS = YES;
				GCC_WARN_64_TO_32_BIT_CONVERSION = YES;
				GCC_WARN_ABOUT_RETURN_TYPE = YES_ERROR;
				GCC_WARN_UNDECLARED_SELECTOR = YES;
				GCC_WARN_UNINITIALIZED_AUTOS = YES_AGGRESSIVE;
				GCC_WARN_UNUSED_FUNCTION = YES;
				GCC_WARN_UNUSED_VARIABLE = YES;
				IPHONEOS_DEPLOYMENT_TARGET = 10.3;
				MTL_ENABLE_DEBUG_INFO = NO;
				SDKROOT = iphoneos;
				SWIFT_OPTIMIZATION_LEVEL = "-Owholemodule";
				VALIDATE_PRODUCT = YES;
			};
			name = Release;
		};
		43BB93871EFC61E6005A7AE1 /* Debug */ = {
			isa = XCBuildConfiguration;
			baseConfigurationReference = 49A41DE6F1E1CDF06A33F1D7 /* Pods-Werewolf Social.debug.xcconfig */;
			buildSettings = {
				ASSETCATALOG_COMPILER_APPICON_NAME = AppIcon;
				INFOPLIST_FILE = "Werewolf Social/Info.plist";
				LD_RUNPATH_SEARCH_PATHS = "$(inherited) @executable_path/Frameworks";
				PRODUCT_BUNDLE_IDENTIFIER = "kumayc.Werewolf-Social";
				PRODUCT_NAME = "$(TARGET_NAME)";
				SWIFT_VERSION = 3.0;
			};
			name = Debug;
		};
		43BB93881EFC61E6005A7AE1 /* Release */ = {
			isa = XCBuildConfiguration;
			baseConfigurationReference = A4F45991F34FC1F62DB5879F /* Pods-Werewolf Social.release.xcconfig */;
			buildSettings = {
				ASSETCATALOG_COMPILER_APPICON_NAME = AppIcon;
				INFOPLIST_FILE = "Werewolf Social/Info.plist";
				LD_RUNPATH_SEARCH_PATHS = "$(inherited) @executable_path/Frameworks";
				PRODUCT_BUNDLE_IDENTIFIER = "kumayc.Werewolf-Social";
				PRODUCT_NAME = "$(TARGET_NAME)";
				SWIFT_VERSION = 3.0;
			};
			name = Release;
		};
/* End XCBuildConfiguration section */

/* Begin XCConfigurationList section */
		43BB936F1EFC61E6005A7AE1 /* Build configuration list for PBXProject "Werewolf Social" */ = {
			isa = XCConfigurationList;
			buildConfigurations = (
				43BB93841EFC61E6005A7AE1 /* Debug */,
				43BB93851EFC61E6005A7AE1 /* Release */,
			);
			defaultConfigurationIsVisible = 0;
			defaultConfigurationName = Release;
		};
		43BB93861EFC61E6005A7AE1 /* Build configuration list for PBXNativeTarget "Werewolf Social" */ = {
			isa = XCConfigurationList;
			buildConfigurations = (
				43BB93871EFC61E6005A7AE1 /* Debug */,
				43BB93881EFC61E6005A7AE1 /* Release */,
			);
			defaultConfigurationIsVisible = 0;
			defaultConfigurationName = Release;
		};
/* End XCConfigurationList section */
	};
	rootObject = 43BB936C1EFC61E6005A7AE1 /* Project object */;
}
